
Microsoft Visual Studio Solution File, Format Version 12.00
# Visual Studio 2013
VisualStudioVersion = 12.0.31101.0
MinimumVisualStudioVersion = 10.0.40219.1
Project("{FAE04EC0-301F-11D3-BF4B-00C04F79EFBC}") = "DatapointDescription_vs120", "DatapointDescription\DatapointDescription_vs120.csproj", "{99072413-7A41-4772-BDC5-BA3280D6FD1C}"
EndProject
Project("{FAE04EC0-301F-11D3-BF4B-00C04F79EFBC}") = "DatapointList_vs120", "DatapointList\DatapointList_vs120.csproj", "{F9EBD01E-854A-40E6-98B2-7DC4BE03A734}"
EndProject
Project("{FAE04EC0-301F-11D3-BF4B-00C04F79EFBC}") = "LightSwitcher_vs120", "LightSwitcher\LightSwitcher_vs120.csproj", "{FB665511-4E57-49E2-A192-184B4C6CE1B5}"
EndProject
Project("{FAE04EC0-301F-11D3-BF4B-00C04F79EFBC}") = "PushButtonDemo_vs120", "PushButtonDemo\PushButtonDemo_vs120.csproj", "{0825477D-3504-4150-A79B-9DCC6D9CCE20}"
EndProject
Project("{FAE04EC0-301F-11D3-BF4B-00C04F79EFBC}") = "ServerItems_vs120", "ServerItems\ServerItems_vs120.csproj", "{BD0820EA-F13A-49CA-8EC6-11837CF9228A}"
EndProject
Global
	GlobalSection(SolutionConfigurationPlatforms) = preSolution
		Debug|Any CPU = Debug|Any CPU
		Release|Any CPU = Release|Any CPU
	EndGlobalSection
	GlobalSection(ProjectConfigurationPlatforms) = postSolution
		{99072413-7A41-4772-BDC5-BA3280D6FD1C}.Debug|Any CPU.ActiveCfg = Debug|Any CPU
		{99072413-7A41-4772-BDC5-BA3280D6FD1C}.Debug|Any CPU.Build.0 = Debug|Any CPU
		{99072413-7A41-4772-BDC5-BA3280D6FD1C}.Release|Any CPU.ActiveCfg = Release|Any CPU
		{99072413-7A41-4772-BDC5-BA3280D6FD1C}.Release|Any CPU.Build.0 = Release|Any CPU
		{F9EBD01E-854A-40E6-98B2-7DC4BE03A734}.Debug|Any CPU.ActiveCfg = Debug|Any CPU
		{F9EBD01E-854A-40E6-98B2-7DC4BE03A734}.Debug|Any CPU.Build.0 = Debug|Any CPU
		{F9EBD01E-854A-40E6-98B2-7DC4BE03A734}.Release|Any CPU.ActiveCfg = Release|Any CPU
		{F9EBD01E-854A-40E6-98B2-7DC4BE03A734}.Release|Any CPU.Build.0 = Release|Any CPU
		{FB665511-4E57-49E2-A192-184B4C6CE1B5}.Debug|Any CPU.ActiveCfg = Debug|Any CPU
		{FB665511-4E57-49E2-A192-184B4C6CE1B5}.Debug|Any CPU.Build.0 = Debug|Any CPU
		{FB665511-4E57-49E2-A192-184B4C6CE1B5}.Release|Any CPU.ActiveCfg = Release|Any CPU
		{FB665511-4E57-49E2-A192-184B4C6CE1B5}.Release|Any CPU.Build.0 = Release|Any CPU
		{0825477D-3504-4150-A79B-9DCC6D9CCE20}.Debug|Any CPU.ActiveCfg = Debug|Any CPU
		{0825477D-3504-4150-A79B-9DCC6D9CCE20}.Debug|Any CPU.Build.0 = Debug|Any CPU
		{0825477D-3504-4150-A79B-9DCC6D9CCE20}.Release|Any CPU.ActiveCfg = Release|Any CPU
		{0825477D-3504-4150-A79B-9DCC6D9CCE20}.Release|Any CPU.Build.0 = Release|Any CPU
		{BD0820EA-F13A-49CA-8EC6-11837CF9228A}.Debug|Any CPU.ActiveCfg = Debug|Any CPU
		{BD0820EA-F13A-49CA-8EC6-11837CF9228A}.Debug|Any CPU.Build.0 = Debug|Any CPU
		{BD0820EA-F13A-49CA-8EC6-11837CF9228A}.Release|Any CPU.ActiveCfg = Release|Any CPU
		{BD0820EA-F13A-49CA-8EC6-11837CF9228A}.Release|Any CPU.Build.0 = Release|Any CPU
	EndGlobalSection
	GlobalSection(SolutionProperties) = preSolution
		HideSolutionNode = FALSE
	EndGlobalSection
EndGlobal
